
Microsoft Visual Studio Solution File, Format Version 12.00
Project("{FAE04EC0-301F-11D3-BF4B-00C04F79EFBC}") = "Problem11-1", "Problem11-1\Problem11-1.csproj", "{4AEF4C54-4041-410A-AA0C-DD347D852B0F}"
EndProject
Project("{FAE04EC0-301F-11D3-BF4B-00C04F79EFBC}") = "Problem11-2", "Problem11-2\Problem11-2.csproj", "{5AF9D763-D551-40A5-8BA4-440ABB20EB15}"
EndProject
Project("{FAE04EC0-301F-11D3-BF4B-00C04F79EFBC}") = "Problem11-3", "Problem11-3\Problem11-3.csproj", "{99F2B203-807C-42B1-BA97-23C0F07F408E}"
EndProject
Project("{FAE04EC0-301F-11D3-BF4B-00C04F79EFBC}") = "Problem11-4", "Problem11-4\Problem11-4.csproj", "{8595E5C5-598D-4D16-A1C9-CC05A5629A41}"
EndProject
Project("{FAE04EC0-301F-11D3-BF4B-00C04F79EFBC}") = "Problem11-5", "Problem11-5\Problem11-5.csproj", "{9F26876D-94BD-4486-8882-CC3088C849CD}"
EndProject
Project("{FAE04EC0-301F-11D3-BF4B-00C04F79EFBC}") = "Problem11-6", "Problem11-6\Problem11-6.csproj", "{E6F8D7CA-6298-4DFB-AC0B-8D1C299CAD6D}"
EndProject
Project("{FAE04EC0-301F-11D3-BF4B-00C04F79EFBC}") = "CreatingAndUsingObjects", "CreatingAndUsingObjects\CreatingAndUsingObjects.csproj", "{7062447D-B03B-4823-A1D9-9581D143D7DF}"
EndProject
Project("{FAE04EC0-301F-11D3-BF4B-00C04F79EFBC}") = "Library2", "Library2\Library2.csproj", "{228E3896-E2DB-4F35-8E27-D5FA1EC55E29}"
EndProject
Project("{FAE04EC0-301F-11D3-BF4B-00C04F79EFBC}") = "Problem11-8", "Problem11-8\Problem11-8.csproj", "{03AB994D-E65A-49BA-B186-A851B6225175}"
EndProject
Project("{FAE04EC0-301F-11D3-BF4B-00C04F79EFBC}") = "Problem11-10", "Problem11-10\Problem11-10.csproj", "{E069F388-5CBA-4CA4-95FD-2AEF6EFF489C}"
EndProject
Project("{FAE04EC0-301F-11D3-BF4B-00C04F79EFBC}") = "Problem11-11", "Problem11-11\Problem11-11.csproj", "{AEA9CC01-FCC1-4ED5-8C83-EDD020B3BBF6}"
EndProject
Project("{FAE04EC0-301F-11D3-BF4B-00C04F79EFBC}") = "Problem11-9", "Problem11-9\Problem11-9.csproj", "{F36B3F03-F818-4EDC-9B53-4F5504E52F4F}"
EndProject
Global
	GlobalSection(SolutionConfigurationPlatforms) = preSolution
		Debug|Any CPU = Debug|Any CPU
		Release|Any CPU = Release|Any CPU
	EndGlobalSection
	GlobalSection(ProjectConfigurationPlatforms) = postSolution
		{4AEF4C54-4041-410A-AA0C-DD347D852B0F}.Debug|Any CPU.ActiveCfg = Debug|Any CPU
		{4AEF4C54-4041-410A-AA0C-DD347D852B0F}.Debug|Any CPU.Build.0 = Debug|Any CPU
		{4AEF4C54-4041-410A-AA0C-DD347D852B0F}.Release|Any CPU.ActiveCfg = Release|Any CPU
		{4AEF4C54-4041-410A-AA0C-DD347D852B0F}.Release|Any CPU.Build.0 = Release|Any CPU
		{5AF9D763-D551-40A5-8BA4-440ABB20EB15}.Debug|Any CPU.ActiveCfg = Debug|Any CPU
		{5AF9D763-D551-40A5-8BA4-440ABB20EB15}.Debug|Any CPU.Build.0 = Debug|Any CPU
		{5AF9D763-D551-40A5-8BA4-440ABB20EB15}.Release|Any CPU.ActiveCfg = Release|Any CPU
		{5AF9D763-D551-40A5-8BA4-440ABB20EB15}.Release|Any CPU.Build.0 = Release|Any CPU
		{99F2B203-807C-42B1-BA97-23C0F07F408E}.Debug|Any CPU.ActiveCfg = Debug|Any CPU
		{99F2B203-807C-42B1-BA97-23C0F07F408E}.Debug|Any CPU.Build.0 = Debug|Any CPU
		{99F2B203-807C-42B1-BA97-23C0F07F408E}.Release|Any CPU.ActiveCfg = Release|Any CPU
		{99F2B203-807C-42B1-BA97-23C0F07F408E}.Release|Any CPU.Build.0 = Release|Any CPU
		{8595E5C5-598D-4D16-A1C9-CC05A5629A41}.Debug|Any CPU.ActiveCfg = Debug|Any CPU
		{8595E5C5-598D-4D16-A1C9-CC05A5629A41}.Debug|Any CPU.Build.0 = Debug|Any CPU
		{8595E5C5-598D-4D16-A1C9-CC05A5629A41}.Release|Any CPU.ActiveCfg = Release|Any CPU
		{8595E5C5-598D-4D16-A1C9-CC05A5629A41}.Release|Any CPU.Build.0 = Release|Any CPU
		{9F26876D-94BD-4486-8882-CC3088C849CD}.Debug|Any CPU.ActiveCfg = Debug|Any CPU
		{9F26876D-94BD-4486-8882-CC3088C849CD}.Debug|Any CPU.Build.0 = Debug|Any CPU
		{9F26876D-94BD-4486-8882-CC3088C849CD}.Release|Any CPU.ActiveCfg = Release|Any CPU
		{9F26876D-94BD-4486-8882-CC3088C849CD}.Release|Any CPU.Build.0 = Release|Any CPU
		{E6F8D7CA-6298-4DFB-AC0B-8D1C299CAD6D}.Debug|Any CPU.ActiveCfg = Debug|Any CPU
		{E6F8D7CA-6298-4DFB-AC0B-8D1C299CAD6D}.Debug|Any CPU.Build.0 = Debug|Any CPU
		{E6F8D7CA-6298-4DFB-AC0B-8D1C299CAD6D}.Release|Any CPU.ActiveCfg = Release|Any CPU
		{E6F8D7CA-6298-4DFB-AC0B-8D1C299CAD6D}.Release|Any CPU.Build.0 = Release|Any CPU
		{7062447D-B03B-4823-A1D9-9581D143D7DF}.Debug|Any CPU.ActiveCfg = Debug|Any CPU
		{7062447D-B03B-4823-A1D9-9581D143D7DF}.Debug|Any CPU.Build.0 = Debug|Any CPU
		{7062447D-B03B-4823-A1D9-9581D143D7DF}.Release|Any CPU.ActiveCfg = Release|Any CPU
		{7062447D-B03B-4823-A1D9-9581D143D7DF}.Release|Any CPU.Build.0 = Release|Any CPU
		{228E3896-E2DB-4F35-8E27-D5FA1EC55E29}.Debug|Any CPU.ActiveCfg = Debug|Any CPU
		{228E3896-E2DB-4F35-8E27-D5FA1EC55E29}.Debug|Any CPU.Build.0 = Debug|Any CPU
		{228E3896-E2DB-4F35-8E27-D5FA1EC55E29}.Release|Any CPU.ActiveCfg = Release|Any CPU
		{228E3896-E2DB-4F35-8E27-D5FA1EC55E29}.Release|Any CPU.Build.0 = Release|Any CPU
		{03AB994D-E65A-49BA-B186-A851B6225175}.Debug|Any CPU.ActiveCfg = Debug|Any CPU
		{03AB994D-E65A-49BA-B186-A851B6225175}.Debug|Any CPU.Build.0 = Debug|Any CPU
		{03AB994D-E65A-49BA-B186-A851B6225175}.Release|Any CPU.ActiveCfg = Release|Any CPU
		{03AB994D-E65A-49BA-B186-A851B6225175}.Release|Any CPU.Build.0 = Release|Any CPU
		{E069F388-5CBA-4CA4-95FD-2AEF6EFF489C}.Debug|Any CPU.ActiveCfg = Debug|Any CPU
		{E069F388-5CBA-4CA4-95FD-2AEF6EFF489C}.Debug|Any CPU.Build.0 = Debug|Any CPU
		{E069F388-5CBA-4CA4-95FD-2AEF6EFF489C}.Release|Any CPU.ActiveCfg = Release|Any CPU
		{E069F388-5CBA-4CA4-95FD-2AEF6EFF489C}.Release|Any CPU.Build.0 = Release|Any CPU
		{AEA9CC01-FCC1-4ED5-8C83-EDD020B3BBF6}.Debug|Any CPU.ActiveCfg = Debug|Any CPU
		{AEA9CC01-FCC1-4ED5-8C83-EDD020B3BBF6}.Debug|Any CPU.Build.0 = Debug|Any CPU
		{AEA9CC01-FCC1-4ED5-8C83-EDD020B3BBF6}.Release|Any CPU.ActiveCfg = Release|Any CPU
		{AEA9CC01-FCC1-4ED5-8C83-EDD020B3BBF6}.Release|Any CPU.Build.0 = Release|Any CPU
		{F36B3F03-F818-4EDC-9B53-4F5504E52F4F}.Debug|Any CPU.ActiveCfg = Debug|Any CPU
		{F36B3F03-F818-4EDC-9B53-4F5504E52F4F}.Debug|Any CPU.Build.0 = Debug|Any CPU
		{F36B3F03-F818-4EDC-9B53-4F5504E52F4F}.Release|Any CPU.ActiveCfg = Release|Any CPU
		{F36B3F03-F818-4EDC-9B53-4F5504E52F4F}.Release|Any CPU.Build.0 = Release|Any CPU
	EndGlobalSection
EndGlobal
